Microsoft Visual Studio Solution File, Format Version 12.00
# Visual Studio Version 17
VisualStudioVersion = 17.5.2.0
MinimumVisualStudioVersion = 10.0.40219.1
Project("{FAE04EC0-301F-11D3-BF4B-00C04F79EFBC}") = "Foo.Gateway.Api", "Foo.Gateway.Api\Foo.Gateway.Api.csproj", "{A99A45CC-F9DE-2136-DE0F-2774F297B103}"
EndProject
Project("{FAE04EC0-301F-11D3-BF4B-00C04F79EFBC}") = "Foo.Customers.Api", "Foo.Customers.Api\Foo.Customers.Api.csproj", "{A0A6CDCF-25CD-FCC7-7CFE-89F0A3957C64}"
EndProject
Global
	GlobalSection(SolutionConfigurationPlatforms) = preSolution
		Debug|Any CPU = Debug|Any CPU
		Release|Any CPU = Release|Any CPU
	EndGlobalSection
	GlobalSection(ProjectConfigurationPlatforms) = postSolution
		{A99A45CC-F9DE-2136-DE0F-2774F297B103}.Debug|Any CPU.ActiveCfg = Debug|Any CPU
		{A99A45CC-F9DE-2136-DE0F-2774F297B103}.Debug|Any CPU.Build.0 = Debug|Any CPU
		{A99A45CC-F9DE-2136-DE0F-2774F297B103}.Release|Any CPU.ActiveCfg = Release|Any CPU
		{A99A45CC-F9DE-2136-DE0F-2774F297B103}.Release|Any CPU.Build.0 = Release|Any CPU
		{A0A6CDCF-25CD-FCC7-7CFE-89F0A3957C64}.Debug|Any CPU.ActiveCfg = Debug|Any CPU
		{A0A6CDCF-25CD-FCC7-7CFE-89F0A3957C64}.Debug|Any CPU.Build.0 = Debug|Any CPU
		{A0A6CDCF-25CD-FCC7-7CFE-89F0A3957C64}.Release|Any CPU.ActiveCfg = Release|Any CPU
		{A0A6CDCF-25CD-FCC7-7CFE-89F0A3957C64}.Release|Any CPU.Build.0 = Release|Any CPU
	EndGlobalSection
	GlobalSection(SolutionProperties) = preSolution
		HideSolutionNode = FALSE
	EndGlobalSection
	GlobalSection(ExtensibilityGlobals) = postSolution
		SolutionGuid = {1D03D237-F8C5-4BB4-B441-7585FD9E2405}
	EndGlobalSection
EndGlobal
